github.com/andybalholm/brotli v1.0.6 h1:Yf9fFpf49Zrxb9NlQaluyE92/+X7UVHlhMNJN2sxfOI=
github.com/andybalholm/brotli v1.0.6/go.mod h1:fO7iG3H7G2nSZ7m0zPUDn85XEX2GTukHGRSepvi9Eig=
github.com/gospider007/kinds v0.0.0-20231024093643-7a4424f2d30e h1:lmX6IQKkrNDbXfHsvrv1Uz0MoG2v5+4VC6Gdh9irUNY=
github.com/gospider007/kinds v0.0.0-20231024093643-7a4424f2d30e/go.mod h1:nB4OMmd8Ji92yEmgjbHcqLcBHTAhSSmlGNb2JpTYK9A=
github.com/gospider007/re v0.0.0-20231024115818-adfd03636256 h1:Z6kHRANoWB+/4rDzq51vBts0rIXilDrF8pdRNmbMJi4=
github.com/gospider007/re v0.0.0-20231024115818-adfd03636256/go.mod h1:X58uk0/F3mVskuQOZng0ZKJiAt3ETn0wxuLN//rVZrE=
github.com/gospider007/tools v0.0.0-20231202084937-8b2bc66f8198 h1:phk1GNobIIQWL5/G5dtgs35hotucdYv2FScMjlHHZ+Q=
github.com/gospider007/tools v0.0.0-20231202084937-8b2bc66f8198/go.mod h1:wiILK6EotceHz/Rnb6ux8PzY3sr5OV+mYuIcbtxpkYI=
golang.org/x/image v0.14.0 h1:tNgSxAFe3jC4uYqvZdTr84SZoM1KfwdC9SKIFrLjFn4=
golang.org/x/image v0.14.0/go.mod h1:HUYqC05R2ZcZ3ejNQsIHQDQiwWM4JBqmm6MKANTp4LE=
golang.org/x/net v0.19.0 h1:zTwKpTd2XuCqf8huc7Fo2iSy+4RHPd10s4KzeTnVr1c=
golang.org/x/net v0.19.0/go.mod h1:CfAk/cbD4CthTvqiEl8NpboMuiuOYsAr/7NOjZJtv1U=
golang.org/x/text v0.14.0 h1:ScX5w1eTa3QqT8oi6+ziP7dTV1S2+ALU0bI+0zXKWiQ=
golang.org/x/text v0.14.0/go.mod h1:18ZOQIKpY8NJVqYksKHtTdi31H5itFRjB5/qKTNYzSU=
